
Microsoft Visual Studio Solution File, Format Version 12.00
# Visual Studio Version 17
VisualStudioVersion = 17.3.32819.101
MinimumVisualStudioVersion = 10.0.40219.1
Project("{FAE04EC0-301F-11D3-BF4B-00C04F79EFBC}") = "FoodParty.PresentationLayer", "FoodParty.PresentationLayer\FoodParty.PresentationLayer.csproj", "{465F95AF-B191-4504-8C7E-5063CCBA8834}"
EndProject
Project("{FAE04EC0-301F-11D3-BF4B-00C04F79EFBC}") = "FoodParty.DomainLayer", "FoodParty.DomainLayer\FoodParty.DomainLayer.csproj", "{90495050-8849-4DC3-8742-DB182570DD5F}"
EndProject
Project("{FAE04EC0-301F-11D3-BF4B-00C04F79EFBC}") = "FoodParty.DataAccessLayer", "FoodParty.DataAccessLayer\FoodParty.DataAccessLayer.csproj", "{8263BBB5-29A7-4028-A525-D235144EAEE4}"
EndProject
Project("{FAE04EC0-301F-11D3-BF4B-00C04F79EFBC}") = "FoodParty.BussinessLayer", "FoodParty.BussinessLayer\FoodParty.BussinessLayer.csproj", "{9F385099-0ED4-4332-8660-70FD718BE2DE}"
EndProject
Project("{FAE04EC0-301F-11D3-BF4B-00C04F79EFBC}") = "FoodParty.Infrastructure", "FoodParty.Infrastructure\FoodParty.Infrastructure.csproj", "{7A77837D-63D1-4604-886A-948E75468795}"
EndProject
Global
	GlobalSection(SolutionConfigurationPlatforms) = preSolution
		Debug|Any CPU = Debug|Any CPU
		Release|Any CPU = Release|Any CPU
	EndGlobalSection
	GlobalSection(ProjectConfigurationPlatforms) = postSolution
		{465F95AF-B191-4504-8C7E-5063CCBA8834}.Debug|Any CPU.ActiveCfg = Debug|Any CPU
		{465F95AF-B191-4504-8C7E-5063CCBA8834}.Debug|Any CPU.Build.0 = Debug|Any CPU
		{465F95AF-B191-4504-8C7E-5063CCBA8834}.Release|Any CPU.ActiveCfg = Release|Any CPU
		{465F95AF-B191-4504-8C7E-5063CCBA8834}.Release|Any CPU.Build.0 = Release|Any CPU
		{90495050-8849-4DC3-8742-DB182570DD5F}.Debug|Any CPU.ActiveCfg = Debug|Any CPU
		{90495050-8849-4DC3-8742-DB182570DD5F}.Debug|Any CPU.Build.0 = Debug|Any CPU
		{90495050-8849-4DC3-8742-DB182570DD5F}.Release|Any CPU.ActiveCfg = Release|Any CPU
		{90495050-8849-4DC3-8742-DB182570DD5F}.Release|Any CPU.Build.0 = Release|Any CPU
		{8263BBB5-29A7-4028-A525-D235144EAEE4}.Debug|Any CPU.ActiveCfg = Debug|Any CPU
		{8263BBB5-29A7-4028-A525-D235144EAEE4}.Debug|Any CPU.Build.0 = Debug|Any CPU
		{8263BBB5-29A7-4028-A525-D235144EAEE4}.Release|Any CPU.ActiveCfg = Release|Any CPU
		{8263BBB5-29A7-4028-A525-D235144EAEE4}.Release|Any CPU.Build.0 = Release|Any CPU
		{9F385099-0ED4-4332-8660-70FD718BE2DE}.Debug|Any CPU.ActiveCfg = Debug|Any CPU
		{9F385099-0ED4-4332-8660-70FD718BE2DE}.Debug|Any CPU.Build.0 = Debug|Any CPU
		{9F385099-0ED4-4332-8660-70FD718BE2DE}.Release|Any CPU.ActiveCfg = Release|Any CPU
		{9F385099-0ED4-4332-8660-70FD718BE2DE}.Release|Any CPU.Build.0 = Release|Any CPU
		{7A77837D-63D1-4604-886A-948E75468795}.Debug|Any CPU.ActiveCfg = Debug|Any CPU
		{7A77837D-63D1-4604-886A-948E75468795}.Debug|Any CPU.Build.0 = Debug|Any CPU
		{7A77837D-63D1-4604-886A-948E75468795}.Release|Any CPU.ActiveCfg = Release|Any CPU
		{7A77837D-63D1-4604-886A-948E75468795}.Release|Any CPU.Build.0 = Release|Any CPU
	EndGlobalSection
	GlobalSection(SolutionProperties) = preSolution
		HideSolutionNode = FALSE
	EndGlobalSection
	GlobalSection(ExtensibilityGlobals) = postSolution
		SolutionGuid = {F8EB446C-90DD-40B3-BF3F-3176A3983458}
	EndGlobalSection
EndGlobal
